
Microsoft Visual Studio Solution File, Format Version 12.00
# Visual Studio Version 17
VisualStudioVersion = 17.6.33723.286
MinimumVisualStudioVersion = 10.0.40219.1
Project("{FAE04EC0-301F-11D3-BF4B-00C04F79EFBC}") = "ConsoleApp1", "ConsoleApp1.csproj", "{3C881E9B-C7EE-4CB3-BF7C-ABCC2D792DF5}"
EndProject
Global
	GlobalSection(SolutionConfigurationPlatforms) = preSolution
		Debug|Any CPU = Debug|Any CPU
		Release|Any CPU = Release|Any CPU
	EndGlobalSection
	GlobalSection(ProjectConfigurationPlatforms) = postSolution
		{3C881E9B-C7EE-4CB3-BF7C-ABCC2D792DF5}.Debug|Any CPU.ActiveCfg = Debug|Any CPU
		{3C881E9B-C7EE-4CB3-BF7C-ABCC2D792DF5}.Debug|Any CPU.Build.0 = Debug|Any CPU
		{3C881E9B-C7EE-4CB3-BF7C-ABCC2D792DF5}.Release|Any CPU.ActiveCfg = Release|Any CPU
		{3C881E9B-C7EE-4CB3-BF7C-ABCC2D792DF5}.Release|Any CPU.Build.0 = Release|Any CPU
	EndGlobalSection
	GlobalSection(SolutionProperties) = preSolution
		HideSolutionNode = FALSE
	EndGlobalSection
	GlobalSection(ExtensibilityGlobals) = postSolution
		SolutionGuid = {577A5E2C-E86A-4118-B757-7A6CD36CAC90}
	EndGlobalSection
EndGlobal
